
Microsoft Visual Studio Solution File, Format Version 12.00
# Visual Studio 2013
VisualStudioVersion = 12.0.30501.0
MinimumVisualStudioVersion = 10.0.40219.1
Project("{FAE04EC0-301F-11D3-BF4B-00C04F79EFBC}") = "TI.Nav.Utils.Test", "TI.Nav.Utils.Test\TI.Nav.Utils.Test.csproj", "{996B4689-AEA4-42A4-BCFE-FB39163327AA}"
EndProject
Project("{FAE04EC0-301F-11D3-BF4B-00C04F79EFBC}") = "TI.Nav.Utils", "ti.nav.utils\TI.Nav.Utils.csproj", "{A7EAD078-FDCD-42FC-A288-19671D3D48DC}"
EndProject
Global
	GlobalSection(SolutionConfigurationPlatforms) = preSolution
		Debug|Any CPU = Debug|Any CPU
		Release|Any CPU = Release|Any CPU
	EndGlobalSection
	GlobalSection(ProjectConfigurationPlatforms) = postSolution
		{996B4689-AEA4-42A4-BCFE-FB39163327AA}.Debug|Any CPU.ActiveCfg = Debug|Any CPU
		{996B4689-AEA4-42A4-BCFE-FB39163327AA}.Debug|Any CPU.Build.0 = Debug|Any CPU
		{996B4689-AEA4-42A4-BCFE-FB39163327AA}.Release|Any CPU.ActiveCfg = Release|Any CPU
		{996B4689-AEA4-42A4-BCFE-FB39163327AA}.Release|Any CPU.Build.0 = Release|Any CPU
		{A7EAD078-FDCD-42FC-A288-19671D3D48DC}.Debug|Any CPU.ActiveCfg = Debug|Any CPU
		{A7EAD078-FDCD-42FC-A288-19671D3D48DC}.Debug|Any CPU.Build.0 = Debug|Any CPU
		{A7EAD078-FDCD-42FC-A288-19671D3D48DC}.Release|Any CPU.ActiveCfg = Release|Any CPU
		{A7EAD078-FDCD-42FC-A288-19671D3D48DC}.Release|Any CPU.Build.0 = Release|Any CPU
	EndGlobalSection
	GlobalSection(SolutionProperties) = preSolution
		HideSolutionNode = FALSE
	EndGlobalSection
EndGlobal
